
Microsoft Visual Studio Solution File, Format Version 12.00
# Visual Studio Version 17
VisualStudioVersion = 17.0.31912.275
MinimumVisualStudioVersion = 10.0.40219.1
Project("{9A19103F-16F7-4668-BE54-9A1E7A4F7556}") = "Gstc.Utility.UnitTest.Event", "Gstc.Utility.UnitTest.Event\Gstc.Utility.UnitTest.Event.csproj", "{B03299D9-42CB-4863-8C40-F1AA2D6FADCF}"
EndProject
Project("{9A19103F-16F7-4668-BE54-9A1E7A4F7556}") = "Gstc.Utility.UnitTest.Event.Test", "Gstc.Utility.UnitTest.Event.Test\Gstc.Utility.UnitTest.Event.Test.csproj", "{CB1A8740-1408-4A23-A043-7B9D5BC4968F}"
EndProject
Project("{2150E333-8FDC-42A3-9474-1A3956D46DE8}") = "Solution Items", "Solution Items", "{109AE979-5908-40F3-8905-A08014271D13}"
	ProjectSection(SolutionItems) = preProject
		.editorconfig = .editorconfig
	EndProjectSection
EndProject
Global
	GlobalSection(SolutionConfigurationPlatforms) = preSolution
		Debug|Any CPU = Debug|Any CPU
		Release|Any CPU = Release|Any CPU
	EndGlobalSection
	GlobalSection(ProjectConfigurationPlatforms) = postSolution
		{B03299D9-42CB-4863-8C40-F1AA2D6FADCF}.Debug|Any CPU.ActiveCfg = Debug|Any CPU
		{B03299D9-42CB-4863-8C40-F1AA2D6FADCF}.Debug|Any CPU.Build.0 = Debug|Any CPU
		{B03299D9-42CB-4863-8C40-F1AA2D6FADCF}.Release|Any CPU.ActiveCfg = Release|Any CPU
		{B03299D9-42CB-4863-8C40-F1AA2D6FADCF}.Release|Any CPU.Build.0 = Release|Any CPU
		{CB1A8740-1408-4A23-A043-7B9D5BC4968F}.Debug|Any CPU.ActiveCfg = Debug|Any CPU
		{CB1A8740-1408-4A23-A043-7B9D5BC4968F}.Debug|Any CPU.Build.0 = Debug|Any CPU
		{CB1A8740-1408-4A23-A043-7B9D5BC4968F}.Release|Any CPU.ActiveCfg = Release|Any CPU
		{CB1A8740-1408-4A23-A043-7B9D5BC4968F}.Release|Any CPU.Build.0 = Release|Any CPU
	EndGlobalSection
	GlobalSection(SolutionProperties) = preSolution
		HideSolutionNode = FALSE
	EndGlobalSection
	GlobalSection(ExtensibilityGlobals) = postSolution
		SolutionGuid = {3AC3464D-06DD-44FC-8CB2-349AC8EB766F}
	EndGlobalSection
EndGlobal
